
Microsoft Visual Studio Solution File, Format Version 12.00
# Visual Studio Version 17
VisualStudioVersion = 17.0.32014.148
MinimumVisualStudioVersion = 10.0.40219.1
Project("{9A19103F-16F7-4668-BE54-9A1E7A4F7556}") = "FenGen", "FenGen\FenGen.csproj", "{F8729702-3C79-44D3-97A0-836D30D452B4}"
EndProject
Project("{8BC9CEB8-8B4A-11D0-8D11-00A0C91BC942}") = "AngelLoader_Stub", "AngelLoader_Stub\AngelLoader_Stub.vcxproj", "{3CC81750-4AE0-4CEA-B69E-85F226244D8F}"
	ProjectSection(ProjectDependencies) = postProject
		{F8729702-3C79-44D3-97A0-836D30D452B4} = {F8729702-3C79-44D3-97A0-836D30D452B4}
	EndProjectSection
EndProject
Project("{9A19103F-16F7-4668-BE54-9A1E7A4F7556}") = "AngelLoader", "AngelLoader\AngelLoader.csproj", "{AF85B663-5D2C-481A-B301-D9047D494C2C}"
	ProjectSection(ProjectDependencies) = postProject
		{3CC81750-4AE0-4CEA-B69E-85F226244D8F} = {3CC81750-4AE0-4CEA-B69E-85F226244D8F}
		{F8729702-3C79-44D3-97A0-836D30D452B4} = {F8729702-3C79-44D3-97A0-836D30D452B4}
	EndProjectSection
EndProject
Project("{9A19103F-16F7-4668-BE54-9A1E7A4F7556}") = "FMScanner", "FMScanner\FMScanner.csproj", "{0FDE19CD-B606-4124-9151-0C711DF81363}"
	ProjectSection(ProjectDependencies) = postProject
		{F8729702-3C79-44D3-97A0-836D30D452B4} = {F8729702-3C79-44D3-97A0-836D30D452B4}
	EndProjectSection
EndProject
Project("{9A19103F-16F7-4668-BE54-9A1E7A4F7556}") = "AL_Common", "AL_Common\AL_Common.csproj", "{C3EF0A7F-7950-423A-A6EF-03051579153B}"
	ProjectSection(ProjectDependencies) = postProject
		{F8729702-3C79-44D3-97A0-836D30D452B4} = {F8729702-3C79-44D3-97A0-836D30D452B4}
	EndProjectSection
EndProject
Project("{2150E333-8FDC-42A3-9474-1A3956D46DE8}") = "Solution Items", "Solution Items", "{FD8CD094-EB65-42DD-9C68-D60B6F3C8344}"
	ProjectSection(SolutionItems) = preProject
		.editorconfig = .editorconfig
		Directory.Build.props = Directory.Build.props
	EndProjectSection
EndProject
Project("{9A19103F-16F7-4668-BE54-9A1E7A4F7556}") = "Ude.NetStandard", "Ude\Ude.NetStandard.csproj", "{592498D2-AB7B-463A-B27B-78EFC23E9F14}"
EndProject
Project("{9A19103F-16F7-4668-BE54-9A1E7A4F7556}") = "SharpCompress", "SharpCompress\SharpCompress.csproj", "{30DF0931-3D5A-402C-A831-573EC4848D4D}"
EndProject
Project("{9A19103F-16F7-4668-BE54-9A1E7A4F7556}") = "Update", "Update\Update.csproj", "{5531E1C3-C920-4D99-90DE-3B46B3FDA02E}"
EndProject
Global
	GlobalSection(SolutionConfigurationPlatforms) = preSolution
		Debug_UIWork|Any CPU = Debug_UIWork|Any CPU
		Debug_UIWork|x64 = Debug_UIWork|x64
		Debug|Any CPU = Debug|Any CPU
		Debug|x64 = Debug|x64
		Release_Beta|Any CPU = Release_Beta|Any CPU
		Release_Beta|x64 = Release_Beta|x64
		Release_Public|Any CPU = Release_Public|Any CPU
		Release_Public|x64 = Release_Public|x64
		Release_Testing_NoAsserts|Any CPU = Release_Testing_NoAsserts|Any CPU
		Release_Testing_NoAsserts|x64 = Release_Testing_NoAsserts|x64
		Release_Testing|Any CPU = Release_Testing|Any CPU
		Release_Testing|x64 = Release_Testing|x64
		Release|Any CPU = Release|Any CPU
		Release|x64 = Release|x64
		RT_HeavyTests|Any CPU = RT_HeavyTests|Any CPU
		RT_HeavyTests|x64 = RT_HeavyTests|x64
		RT_StartupOnly|Any CPU = RT_StartupOnly|Any CPU
		RT_StartupOnly|x64 = RT_StartupOnly|x64
	EndGlobalSection
	GlobalSection(ProjectConfigurationPlatforms) = postSolution
		{F8729702-3C79-44D3-97A0-836D30D452B4}.Debug_UIWork|Any CPU.ActiveCfg = Debug|x64
		{F8729702-3C79-44D3-97A0-836D30D452B4}.Debug_UIWork|Any CPU.Build.0 = Debug|x64
		{F8729702-3C79-44D3-97A0-836D30D452B4}.Debug_UIWork|x64.ActiveCfg = Release|x64
		{F8729702-3C79-44D3-97A0-836D30D452B4}.Debug_UIWork|x64.Build.0 = Release|x64
		{F8729702-3C79-44D3-97A0-836D30D452B4}.Debug|Any CPU.ActiveCfg = Debug|x64
		{F8729702-3C79-44D3-97A0-836D30D452B4}.Debug|Any CPU.Build.0 = Debug|x64
		{F8729702-3C79-44D3-97A0-836D30D452B4}.Debug|x64.ActiveCfg = Release|x64
		{F8729702-3C79-44D3-97A0-836D30D452B4}.Debug|x64.Build.0 = Release|x64
		{F8729702-3C79-44D3-97A0-836D30D452B4}.Release_Beta|Any CPU.ActiveCfg = Release|x64
		{F8729702-3C79-44D3-97A0-836D30D452B4}.Release_Beta|Any CPU.Build.0 = Release|x64
		{F8729702-3C79-44D3-97A0-836D30D452B4}.Release_Beta|x64.ActiveCfg = Release|x64
		{F8729702-3C79-44D3-97A0-836D30D452B4}.Release_Beta|x64.Build.0 = Release|x64
		{F8729702-3C79-44D3-97A0-836D30D452B4}.Release_Public|Any CPU.ActiveCfg = Release|x64
		{F8729702-3C79-44D3-97A0-836D30D452B4}.Release_Public|Any CPU.Build.0 = Release|x64
		{F8729702-3C79-44D3-97A0-836D30D452B4}.Release_Public|x64.ActiveCfg = Release|x64
		{F8729702-3C79-44D3-97A0-836D30D452B4}.Release_Public|x64.Build.0 = Release|x64
		{F8729702-3C79-44D3-97A0-836D30D452B4}.Release_Testing_NoAsserts|Any CPU.ActiveCfg = Release|x64
		{F8729702-3C79-44D3-97A0-836D30D452B4}.Release_Testing_NoAsserts|Any CPU.Build.0 = Release|x64
		{F8729702-3C79-44D3-97A0-836D30D452B4}.Release_Testing_NoAsserts|x64.ActiveCfg = Release|x64
		{F8729702-3C79-44D3-97A0-836D30D452B4}.Release_Testing_NoAsserts|x64.Build.0 = Release|x64
		{F8729702-3C79-44D3-97A0-836D30D452B4}.Release_Testing|Any CPU.ActiveCfg = Release|x64
		{F8729702-3C79-44D3-97A0-836D30D452B4}.Release_Testing|Any CPU.Build.0 = Release|x64
		{F8729702-3C79-44D3-97A0-836D30D452B4}.Release_Testing|x64.ActiveCfg = Release|x64
		{F8729702-3C79-44D3-97A0-836D30D452B4}.Release_Testing|x64.Build.0 = Release|x64
		{F8729702-3C79-44D3-97A0-836D30D452B4}.Release|Any CPU.ActiveCfg = Release|x64
		{F8729702-3C79-44D3-97A0-836D30D452B4}.Release|Any CPU.Build.0 = Release|x64
		{F8729702-3C79-44D3-97A0-836D30D452B4}.Release|x64.ActiveCfg = Release|x64
		{F8729702-3C79-44D3-97A0-836D30D452B4}.Release|x64.Build.0 = Release|x64
		{F8729702-3C79-44D3-97A0-836D30D452B4}.RT_HeavyTests|Any CPU.ActiveCfg = Release|x64
		{F8729702-3C79-44D3-97A0-836D30D452B4}.RT_HeavyTests|Any CPU.Build.0 = Release|x64
		{F8729702-3C79-44D3-97A0-836D30D452B4}.RT_HeavyTests|x64.ActiveCfg = Release|x64
		{F8729702-3C79-44D3-97A0-836D30D452B4}.RT_HeavyTests|x64.Build.0 = Release|x64
		{F8729702-3C79-44D3-97A0-836D30D452B4}.RT_StartupOnly|Any CPU.ActiveCfg = Release|x64
		{F8729702-3C79-44D3-97A0-836D30D452B4}.RT_StartupOnly|Any CPU.Build.0 = Release|x64
		{F8729702-3C79-44D3-97A0-836D30D452B4}.RT_StartupOnly|x64.ActiveCfg = Release|x64
		{F8729702-3C79-44D3-97A0-836D30D452B4}.RT_StartupOnly|x64.Build.0 = Release|x64
		{3CC81750-4AE0-4CEA-B69E-85F226244D8F}.Debug_UIWork|Any CPU.ActiveCfg = Debug|Win32
		{3CC81750-4AE0-4CEA-B69E-85F226244D8F}.Debug_UIWork|Any CPU.Build.0 = Debug|Win32
		{3CC81750-4AE0-4CEA-B69E-85F226244D8F}.Debug_UIWork|x64.ActiveCfg = Release|Win32
		{3CC81750-4AE0-4CEA-B69E-85F226244D8F}.Debug_UIWork|x64.Build.0 = Release|Win32
		{3CC81750-4AE0-4CEA-B69E-85F226244D8F}.Debug|Any CPU.ActiveCfg = Debug|Win32
		{3CC81750-4AE0-4CEA-B69E-85F226244D8F}.Debug|Any CPU.Build.0 = Debug|Win32
		{3CC81750-4AE0-4CEA-B69E-85F226244D8F}.Debug|x64.ActiveCfg = Release|Win32
		{3CC81750-4AE0-4CEA-B69E-85F226244D8F}.Debug|x64.Build.0 = Release|Win32
		{3CC81750-4AE0-4CEA-B69E-85F226244D8F}.Release_Beta|Any CPU.ActiveCfg = Release|Win32
		{3CC81750-4AE0-4CEA-B69E-85F226244D8F}.Release_Beta|Any CPU.Build.0 = Release|Win32
		{3CC81750-4AE0-4CEA-B69E-85F226244D8F}.Release_Beta|x64.ActiveCfg = Release|Win32
		{3CC81750-4AE0-4CEA-B69E-85F226244D8F}.Release_Beta|x64.Build.0 = Release|Win32
		{3CC81750-4AE0-4CEA-B69E-85F226244D8F}.Release_Public|Any CPU.ActiveCfg = Release|Win32
		{3CC81750-4AE0-4CEA-B69E-85F226244D8F}.Release_Public|Any CPU.Build.0 = Release|Win32
		{3CC81750-4AE0-4CEA-B69E-85F226244D8F}.Release_Public|x64.ActiveCfg = Release|Win32
		{3CC81750-4AE0-4CEA-B69E-85F226244D8F}.Release_Public|x64.Build.0 = Release|Win32
		{3CC81750-4AE0-4CEA-B69E-85F226244D8F}.Release_Testing_NoAsserts|Any CPU.ActiveCfg = Release|Win32
		{3CC81750-4AE0-4CEA-B69E-85F226244D8F}.Release_Testing_NoAsserts|Any CPU.Build.0 = Release|Win32
		{3CC81750-4AE0-4CEA-B69E-85F226244D8F}.Release_Testing_NoAsserts|x64.ActiveCfg = Release|Win32
		{3CC81750-4AE0-4CEA-B69E-85F226244D8F}.Release_Testing_NoAsserts|x64.Build.0 = Release|Win32
		{3CC81750-4AE0-4CEA-B69E-85F226244D8F}.Release_Testing|Any CPU.ActiveCfg = Release|Win32
		{3CC81750-4AE0-4CEA-B69E-85F226244D8F}.Release_Testing|Any CPU.Build.0 = Release|Win32
		{3CC81750-4AE0-4CEA-B69E-85F226244D8F}.Release_Testing|x64.ActiveCfg = Release|Win32
		{3CC81750-4AE0-4CEA-B69E-85F226244D8F}.Release_Testing|x64.Build.0 = Release|Win32
		{3CC81750-4AE0-4CEA-B69E-85F226244D8F}.Release|Any CPU.ActiveCfg = Release|Win32
		{3CC81750-4AE0-4CEA-B69E-85F226244D8F}.Release|Any CPU.Build.0 = Release|Win32
		{3CC81750-4AE0-4CEA-B69E-85F226244D8F}.Release|x64.ActiveCfg = Release|Win32
		{3CC81750-4AE0-4CEA-B69E-85F226244D8F}.Release|x64.Build.0 = Release|Win32
		{3CC81750-4AE0-4CEA-B69E-85F226244D8F}.RT_HeavyTests|Any CPU.ActiveCfg = Release|Win32
		{3CC81750-4AE0-4CEA-B69E-85F226244D8F}.RT_HeavyTests|Any CPU.Build.0 = Release|Win32
		{3CC81750-4AE0-4CEA-B69E-85F226244D8F}.RT_HeavyTests|x64.ActiveCfg = Release|Win32
		{3CC81750-4AE0-4CEA-B69E-85F226244D8F}.RT_HeavyTests|x64.Build.0 = Release|Win32
		{3CC81750-4AE0-4CEA-B69E-85F226244D8F}.RT_StartupOnly|Any CPU.ActiveCfg = Release|Win32
		{3CC81750-4AE0-4CEA-B69E-85F226244D8F}.RT_StartupOnly|Any CPU.Build.0 = Release|Win32
		{3CC81750-4AE0-4CEA-B69E-85F226244D8F}.RT_StartupOnly|x64.ActiveCfg = Release|Win32
		{3CC81750-4AE0-4CEA-B69E-85F226244D8F}.RT_StartupOnly|x64.Build.0 = Release|Win32
		{AF85B663-5D2C-481A-B301-D9047D494C2C}.Debug_UIWork|Any CPU.ActiveCfg = Debug_UIWork|x64
		{AF85B663-5D2C-481A-B301-D9047D494C2C}.Debug_UIWork|Any CPU.Build.0 = Debug_UIWork|x64
		{AF85B663-5D2C-481A-B301-D9047D494C2C}.Debug_UIWork|x64.ActiveCfg = Debug_UIWork|x64
		{AF85B663-5D2C-481A-B301-D9047D494C2C}.Debug_UIWork|x64.Build.0 = Debug_UIWork|x64
		{AF85B663-5D2C-481A-B301-D9047D494C2C}.Debug|Any CPU.ActiveCfg = Debug|x64
		{AF85B663-5D2C-481A-B301-D9047D494C2C}.Debug|Any CPU.Build.0 = Debug|x64
		{AF85B663-5D2C-481A-B301-D9047D494C2C}.Debug|x64.ActiveCfg = Debug|x64
		{AF85B663-5D2C-481A-B301-D9047D494C2C}.Debug|x64.Build.0 = Debug|x64
		{AF85B663-5D2C-481A-B301-D9047D494C2C}.Release_Beta|Any CPU.ActiveCfg = Release_Beta|x64
		{AF85B663-5D2C-481A-B301-D9047D494C2C}.Release_Beta|Any CPU.Build.0 = Release_Beta|x64
		{AF85B663-5D2C-481A-B301-D9047D494C2C}.Release_Beta|x64.ActiveCfg = Release_Beta|x64
		{AF85B663-5D2C-481A-B301-D9047D494C2C}.Release_Beta|x64.Build.0 = Release_Beta|x64
		{AF85B663-5D2C-481A-B301-D9047D494C2C}.Release_Public|Any CPU.ActiveCfg = Release_Public|x64
		{AF85B663-5D2C-481A-B301-D9047D494C2C}.Release_Public|Any CPU.Build.0 = Release_Public|x64
		{AF85B663-5D2C-481A-B301-D9047D494C2C}.Release_Public|x64.ActiveCfg = Release_Public|x64
		{AF85B663-5D2C-481A-B301-D9047D494C2C}.Release_Public|x64.Build.0 = Release_Public|x64
		{AF85B663-5D2C-481A-B301-D9047D494C2C}.Release_Testing_NoAsserts|Any CPU.ActiveCfg = Release_Testing_NoAsserts|x64
		{AF85B663-5D2C-481A-B301-D9047D494C2C}.Release_Testing_NoAsserts|Any CPU.Build.0 = Release_Testing_NoAsserts|x64
		{AF85B663-5D2C-481A-B301-D9047D494C2C}.Release_Testing_NoAsserts|x64.ActiveCfg = Release_Testing_NoAsserts|x64
		{AF85B663-5D2C-481A-B301-D9047D494C2C}.Release_Testing_NoAsserts|x64.Build.0 = Release_Testing_NoAsserts|x64
		{AF85B663-5D2C-481A-B301-D9047D494C2C}.Release_Testing|Any CPU.ActiveCfg = Release_Testing|x64
		{AF85B663-5D2C-481A-B301-D9047D494C2C}.Release_Testing|Any CPU.Build.0 = Release_Testing|x64
		{AF85B663-5D2C-481A-B301-D9047D494C2C}.Release_Testing|x64.ActiveCfg = Release_Testing|x64
		{AF85B663-5D2C-481A-B301-D9047D494C2C}.Release_Testing|x64.Build.0 = Release_Testing|x64
		{AF85B663-5D2C-481A-B301-D9047D494C2C}.Release|Any CPU.ActiveCfg = Release|x64
		{AF85B663-5D2C-481A-B301-D9047D494C2C}.Release|Any CPU.Build.0 = Release|x64
		{AF85B663-5D2C-481A-B301-D9047D494C2C}.Release|x64.ActiveCfg = Release|x64
		{AF85B663-5D2C-481A-B301-D9047D494C2C}.Release|x64.Build.0 = Release|x64
		{AF85B663-5D2C-481A-B301-D9047D494C2C}.RT_HeavyTests|Any CPU.ActiveCfg = RT_HeavyTests|x64
		{AF85B663-5D2C-481A-B301-D9047D494C2C}.RT_HeavyTests|Any CPU.Build.0 = RT_HeavyTests|x64
		{AF85B663-5D2C-481A-B301-D9047D494C2C}.RT_HeavyTests|x64.ActiveCfg = Release_Testing|x64
		{AF85B663-5D2C-481A-B301-D9047D494C2C}.RT_HeavyTests|x64.Build.0 = Release_Testing|x64
		{AF85B663-5D2C-481A-B301-D9047D494C2C}.RT_StartupOnly|Any CPU.ActiveCfg = RT_StartupOnly|x64
		{AF85B663-5D2C-481A-B301-D9047D494C2C}.RT_StartupOnly|Any CPU.Build.0 = RT_StartupOnly|x64
		{AF85B663-5D2C-481A-B301-D9047D494C2C}.RT_StartupOnly|x64.ActiveCfg = RT_StartupOnly|x64
		{AF85B663-5D2C-481A-B301-D9047D494C2C}.RT_StartupOnly|x64.Build.0 = RT_StartupOnly|x64
		{0FDE19CD-B606-4124-9151-0C711DF81363}.Debug_UIWork|Any CPU.ActiveCfg = Debug|x64
		{0FDE19CD-B606-4124-9151-0C711DF81363}.Debug_UIWork|Any CPU.Build.0 = Debug|x64
		{0FDE19CD-B606-4124-9151-0C711DF81363}.Debug_UIWork|x64.ActiveCfg = Release|x64
		{0FDE19CD-B606-4124-9151-0C711DF81363}.Debug_UIWork|x64.Build.0 = Release|x64
		{0FDE19CD-B606-4124-9151-0C711DF81363}.Debug|Any CPU.ActiveCfg = Debug|x64
		{0FDE19CD-B606-4124-9151-0C711DF81363}.Debug|Any CPU.Build.0 = Debug|x64
		{0FDE19CD-B606-4124-9151-0C711DF81363}.Debug|x64.ActiveCfg = Release|x64
		{0FDE19CD-B606-4124-9151-0C711DF81363}.Debug|x64.Build.0 = Release|x64
		{0FDE19CD-B606-4124-9151-0C711DF81363}.Release_Beta|Any CPU.ActiveCfg = ReleaseRTFTest|x64
		{0FDE19CD-B606-4124-9151-0C711DF81363}.Release_Beta|Any CPU.Build.0 = ReleaseRTFTest|x64
		{0FDE19CD-B606-4124-9151-0C711DF81363}.Release_Beta|x64.ActiveCfg = Release|x64
		{0FDE19CD-B606-4124-9151-0C711DF81363}.Release_Beta|x64.Build.0 = Release|x64
		{0FDE19CD-B606-4124-9151-0C711DF81363}.Release_Public|Any CPU.ActiveCfg = ReleaseRTFTest|x64
		{0FDE19CD-B606-4124-9151-0C711DF81363}.Release_Public|Any CPU.Build.0 = ReleaseRTFTest|x64
		{0FDE19CD-B606-4124-9151-0C711DF81363}.Release_Public|x64.ActiveCfg = Release|x64
		{0FDE19CD-B606-4124-9151-0C711DF81363}.Release_Public|x64.Build.0 = Release|x64
		{0FDE19CD-B606-4124-9151-0C711DF81363}.Release_Testing_NoAsserts|Any CPU.ActiveCfg = ReleaseFullTest|x64
		{0FDE19CD-B606-4124-9151-0C711DF81363}.Release_Testing_NoAsserts|Any CPU.Build.0 = ReleaseFullTest|x64
		{0FDE19CD-B606-4124-9151-0C711DF81363}.Release_Testing_NoAsserts|x64.ActiveCfg = Release|x64
		{0FDE19CD-B606-4124-9151-0C711DF81363}.Release_Testing_NoAsserts|x64.Build.0 = Release|x64
		{0FDE19CD-B606-4124-9151-0C711DF81363}.Release_Testing|Any CPU.ActiveCfg = ReleaseFullTest|x64
		{0FDE19CD-B606-4124-9151-0C711DF81363}.Release_Testing|Any CPU.Build.0 = ReleaseFullTest|x64
		{0FDE19CD-B606-4124-9151-0C711DF81363}.Release_Testing|x64.ActiveCfg = Release|x64
		{0FDE19CD-B606-4124-9151-0C711DF81363}.Release_Testing|x64.Build.0 = Release|x64
		{0FDE19CD-B606-4124-9151-0C711DF81363}.Release|Any CPU.ActiveCfg = Release|x64
		{0FDE19CD-B606-4124-9151-0C711DF81363}.Release|Any CPU.Build.0 = Release|x64
		{0FDE19CD-B606-4124-9151-0C711DF81363}.Release|x64.ActiveCfg = Release|x64
		{0FDE19CD-B606-4124-9151-0C711DF81363}.Release|x64.Build.0 = Release|x64
		{0FDE19CD-B606-4124-9151-0C711DF81363}.RT_HeavyTests|Any CPU.ActiveCfg = ReleaseRTFTest|x64
		{0FDE19CD-B606-4124-9151-0C711DF81363}.RT_HeavyTests|Any CPU.Build.0 = ReleaseRTFTest|x64
		{0FDE19CD-B606-4124-9151-0C711DF81363}.RT_HeavyTests|x64.ActiveCfg = Release|x64
		{0FDE19CD-B606-4124-9151-0C711DF81363}.RT_HeavyTests|x64.Build.0 = Release|x64
		{0FDE19CD-B606-4124-9151-0C711DF81363}.RT_StartupOnly|Any CPU.ActiveCfg = ReleaseRTFTest|x64
		{0FDE19CD-B606-4124-9151-0C711DF81363}.RT_StartupOnly|Any CPU.Build.0 = ReleaseRTFTest|x64
		{0FDE19CD-B606-4124-9151-0C711DF81363}.RT_StartupOnly|x64.ActiveCfg = Release|x64
		{0FDE19CD-B606-4124-9151-0C711DF81363}.RT_StartupOnly|x64.Build.0 = Release|x64
		{C3EF0A7F-7950-423A-A6EF-03051579153B}.Debug_UIWork|Any CPU.ActiveCfg = Debug|x64
		{C3EF0A7F-7950-423A-A6EF-03051579153B}.Debug_UIWork|Any CPU.Build.0 = Debug|x64
		{C3EF0A7F-7950-423A-A6EF-03051579153B}.Debug_UIWork|x64.ActiveCfg = Debug|x64
		{C3EF0A7F-7950-423A-A6EF-03051579153B}.Debug_UIWork|x64.Build.0 = Debug|x64
		{C3EF0A7F-7950-423A-A6EF-03051579153B}.Debug|Any CPU.ActiveCfg = Debug|x64
		{C3EF0A7F-7950-423A-A6EF-03051579153B}.Debug|Any CPU.Build.0 = Debug|x64
		{C3EF0A7F-7950-423A-A6EF-03051579153B}.Debug|x64.ActiveCfg = Debug|x64
		{C3EF0A7F-7950-423A-A6EF-03051579153B}.Debug|x64.Build.0 = Debug|x64
		{C3EF0A7F-7950-423A-A6EF-03051579153B}.Release_Beta|Any CPU.ActiveCfg = Release|x64
		{C3EF0A7F-7950-423A-A6EF-03051579153B}.Release_Beta|Any CPU.Build.0 = Release|x64
		{C3EF0A7F-7950-423A-A6EF-03051579153B}.Release_Beta|x64.ActiveCfg = Release|x64
		{C3EF0A7F-7950-423A-A6EF-03051579153B}.Release_Beta|x64.Build.0 = Release|x64
		{C3EF0A7F-7950-423A-A6EF-03051579153B}.Release_Public|Any CPU.ActiveCfg = Release|x64
		{C3EF0A7F-7950-423A-A6EF-03051579153B}.Release_Public|Any CPU.Build.0 = Release|x64
		{C3EF0A7F-7950-423A-A6EF-03051579153B}.Release_Public|x64.ActiveCfg = Release|x64
		{C3EF0A7F-7950-423A-A6EF-03051579153B}.Release_Public|x64.Build.0 = Release|x64
		{C3EF0A7F-7950-423A-A6EF-03051579153B}.Release_Testing_NoAsserts|Any CPU.ActiveCfg = Release|x64
		{C3EF0A7F-7950-423A-A6EF-03051579153B}.Release_Testing_NoAsserts|Any CPU.Build.0 = Release|x64
		{C3EF0A7F-7950-423A-A6EF-03051579153B}.Release_Testing_NoAsserts|x64.ActiveCfg = Release|x64
		{C3EF0A7F-7950-423A-A6EF-03051579153B}.Release_Testing_NoAsserts|x64.Build.0 = Release|x64
		{C3EF0A7F-7950-423A-A6EF-03051579153B}.Release_Testing|Any CPU.ActiveCfg = Release|x64
		{C3EF0A7F-7950-423A-A6EF-03051579153B}.Release_Testing|Any CPU.Build.0 = Release|x64
		{C3EF0A7F-7950-423A-A6EF-03051579153B}.Release_Testing|x64.ActiveCfg = Release|x64
		{C3EF0A7F-7950-423A-A6EF-03051579153B}.Release_Testing|x64.Build.0 = Release|x64
		{C3EF0A7F-7950-423A-A6EF-03051579153B}.Release|Any CPU.ActiveCfg = Release|x64
		{C3EF0A7F-7950-423A-A6EF-03051579153B}.Release|Any CPU.Build.0 = Release|x64
		{C3EF0A7F-7950-423A-A6EF-03051579153B}.Release|x64.ActiveCfg = Release|x64
		{C3EF0A7F-7950-423A-A6EF-03051579153B}.Release|x64.Build.0 = Release|x64
		{C3EF0A7F-7950-423A-A6EF-03051579153B}.RT_HeavyTests|Any CPU.ActiveCfg = Release|x64
		{C3EF0A7F-7950-423A-A6EF-03051579153B}.RT_HeavyTests|Any CPU.Build.0 = Release|x64
		{C3EF0A7F-7950-423A-A6EF-03051579153B}.RT_HeavyTests|x64.ActiveCfg = Release|x64
		{C3EF0A7F-7950-423A-A6EF-03051579153B}.RT_HeavyTests|x64.Build.0 = Release|x64
		{C3EF0A7F-7950-423A-A6EF-03051579153B}.RT_StartupOnly|Any CPU.ActiveCfg = Release|x64
		{C3EF0A7F-7950-423A-A6EF-03051579153B}.RT_StartupOnly|Any CPU.Build.0 = Release|x64
		{C3EF0A7F-7950-423A-A6EF-03051579153B}.RT_StartupOnly|x64.ActiveCfg = Release|x64
		{C3EF0A7F-7950-423A-A6EF-03051579153B}.RT_StartupOnly|x64.Build.0 = Release|x64
		{592498D2-AB7B-463A-B27B-78EFC23E9F14}.Debug_UIWork|Any CPU.ActiveCfg = Debug|x64
		{592498D2-AB7B-463A-B27B-78EFC23E9F14}.Debug_UIWork|Any CPU.Build.0 = Debug|x64
		{592498D2-AB7B-463A-B27B-78EFC23E9F14}.Debug_UIWork|x64.ActiveCfg = Debug|x64
		{592498D2-AB7B-463A-B27B-78EFC23E9F14}.Debug_UIWork|x64.Build.0 = Debug|x64
		{592498D2-AB7B-463A-B27B-78EFC23E9F14}.Debug|Any CPU.ActiveCfg = Debug|x64
		{592498D2-AB7B-463A-B27B-78EFC23E9F14}.Debug|Any CPU.Build.0 = Debug|x64
		{592498D2-AB7B-463A-B27B-78EFC23E9F14}.Debug|x64.ActiveCfg = Debug|x64
		{592498D2-AB7B-463A-B27B-78EFC23E9F14}.Debug|x64.Build.0 = Debug|x64
		{592498D2-AB7B-463A-B27B-78EFC23E9F14}.Release_Beta|Any CPU.ActiveCfg = Release|x64
		{592498D2-AB7B-463A-B27B-78EFC23E9F14}.Release_Beta|Any CPU.Build.0 = Release|x64
		{592498D2-AB7B-463A-B27B-78EFC23E9F14}.Release_Beta|x64.ActiveCfg = Release|x64
		{592498D2-AB7B-463A-B27B-78EFC23E9F14}.Release_Beta|x64.Build.0 = Release|x64
		{592498D2-AB7B-463A-B27B-78EFC23E9F14}.Release_Public|Any CPU.ActiveCfg = Release|x64
		{592498D2-AB7B-463A-B27B-78EFC23E9F14}.Release_Public|Any CPU.Build.0 = Release|x64
		{592498D2-AB7B-463A-B27B-78EFC23E9F14}.Release_Public|x64.ActiveCfg = Release|x64
		{592498D2-AB7B-463A-B27B-78EFC23E9F14}.Release_Public|x64.Build.0 = Release|x64
		{592498D2-AB7B-463A-B27B-78EFC23E9F14}.Release_Testing_NoAsserts|Any CPU.ActiveCfg = Release|x64
		{592498D2-AB7B-463A-B27B-78EFC23E9F14}.Release_Testing_NoAsserts|Any CPU.Build.0 = Release|x64
		{592498D2-AB7B-463A-B27B-78EFC23E9F14}.Release_Testing_NoAsserts|x64.ActiveCfg = Release|x64
		{592498D2-AB7B-463A-B27B-78EFC23E9F14}.Release_Testing_NoAsserts|x64.Build.0 = Release|x64
		{592498D2-AB7B-463A-B27B-78EFC23E9F14}.Release_Testing|Any CPU.ActiveCfg = Release|x64
		{592498D2-AB7B-463A-B27B-78EFC23E9F14}.Release_Testing|Any CPU.Build.0 = Release|x64
		{592498D2-AB7B-463A-B27B-78EFC23E9F14}.Release_Testing|x64.ActiveCfg = Release|x64
		{592498D2-AB7B-463A-B27B-78EFC23E9F14}.Release_Testing|x64.Build.0 = Release|x64
		{592498D2-AB7B-463A-B27B-78EFC23E9F14}.Release|Any CPU.ActiveCfg = Release|x64
		{592498D2-AB7B-463A-B27B-78EFC23E9F14}.Release|Any CPU.Build.0 = Release|x64
		{592498D2-AB7B-463A-B27B-78EFC23E9F14}.Release|x64.ActiveCfg = Release|x64
		{592498D2-AB7B-463A-B27B-78EFC23E9F14}.Release|x64.Build.0 = Release|x64
		{592498D2-AB7B-463A-B27B-78EFC23E9F14}.RT_HeavyTests|Any CPU.ActiveCfg = Release|x64
		{592498D2-AB7B-463A-B27B-78EFC23E9F14}.RT_HeavyTests|Any CPU.Build.0 = Release|x64
		{592498D2-AB7B-463A-B27B-78EFC23E9F14}.RT_HeavyTests|x64.ActiveCfg = Release|x64
		{592498D2-AB7B-463A-B27B-78EFC23E9F14}.RT_HeavyTests|x64.Build.0 = Release|x64
		{592498D2-AB7B-463A-B27B-78EFC23E9F14}.RT_StartupOnly|Any CPU.ActiveCfg = Release|x64
		{592498D2-AB7B-463A-B27B-78EFC23E9F14}.RT_StartupOnly|Any CPU.Build.0 = Release|x64
		{592498D2-AB7B-463A-B27B-78EFC23E9F14}.RT_StartupOnly|x64.ActiveCfg = Release|x64
		{592498D2-AB7B-463A-B27B-78EFC23E9F14}.RT_StartupOnly|x64.Build.0 = Release|x64
		{30DF0931-3D5A-402C-A831-573EC4848D4D}.Debug_UIWork|Any CPU.ActiveCfg = Debug|x64
		{30DF0931-3D5A-402C-A831-573EC4848D4D}.Debug_UIWork|Any CPU.Build.0 = Debug|x64
		{30DF0931-3D5A-402C-A831-573EC4848D4D}.Debug_UIWork|x64.ActiveCfg = Debug|x64
		{30DF0931-3D5A-402C-A831-573EC4848D4D}.Debug_UIWork|x64.Build.0 = Debug|x64
		{30DF0931-3D5A-402C-A831-573EC4848D4D}.Debug|Any CPU.ActiveCfg = Debug|x64
		{30DF0931-3D5A-402C-A831-573EC4848D4D}.Debug|Any CPU.Build.0 = Debug|x64
		{30DF0931-3D5A-402C-A831-573EC4848D4D}.Debug|x64.ActiveCfg = Debug|x64
		{30DF0931-3D5A-402C-A831-573EC4848D4D}.Debug|x64.Build.0 = Debug|x64
		{30DF0931-3D5A-402C-A831-573EC4848D4D}.Release_Beta|Any CPU.ActiveCfg = Release|x64
		{30DF0931-3D5A-402C-A831-573EC4848D4D}.Release_Beta|Any CPU.Build.0 = Release|x64
		{30DF0931-3D5A-402C-A831-573EC4848D4D}.Release_Beta|x64.ActiveCfg = Release|x64
		{30DF0931-3D5A-402C-A831-573EC4848D4D}.Release_Beta|x64.Build.0 = Release|x64
		{30DF0931-3D5A-402C-A831-573EC4848D4D}.Release_Public|Any CPU.ActiveCfg = Release|x64
		{30DF0931-3D5A-402C-A831-573EC4848D4D}.Release_Public|Any CPU.Build.0 = Release|x64
		{30DF0931-3D5A-402C-A831-573EC4848D4D}.Release_Public|x64.ActiveCfg = Release|x64
		{30DF0931-3D5A-402C-A831-573EC4848D4D}.Release_Public|x64.Build.0 = Release|x64
		{30DF0931-3D5A-402C-A831-573EC4848D4D}.Release_Testing_NoAsserts|Any CPU.ActiveCfg = Release|x64
		{30DF0931-3D5A-402C-A831-573EC4848D4D}.Release_Testing_NoAsserts|Any CPU.Build.0 = Release|x64
		{30DF0931-3D5A-402C-A831-573EC4848D4D}.Release_Testing_NoAsserts|x64.ActiveCfg = Release|x64
		{30DF0931-3D5A-402C-A831-573EC4848D4D}.Release_Testing_NoAsserts|x64.Build.0 = Release|x64
		{30DF0931-3D5A-402C-A831-573EC4848D4D}.Release_Testing|Any CPU.ActiveCfg = Release|x64
		{30DF0931-3D5A-402C-A831-573EC4848D4D}.Release_Testing|Any CPU.Build.0 = Release|x64
		{30DF0931-3D5A-402C-A831-573EC4848D4D}.Release_Testing|x64.ActiveCfg = Release|x64
		{30DF0931-3D5A-402C-A831-573EC4848D4D}.Release_Testing|x64.Build.0 = Release|x64
		{30DF0931-3D5A-402C-A831-573EC4848D4D}.Release|Any CPU.ActiveCfg = Release|x64
		{30DF0931-3D5A-402C-A831-573EC4848D4D}.Release|Any CPU.Build.0 = Release|x64
		{30DF0931-3D5A-402C-A831-573EC4848D4D}.Release|x64.ActiveCfg = Release|x64
		{30DF0931-3D5A-402C-A831-573EC4848D4D}.Release|x64.Build.0 = Release|x64
		{30DF0931-3D5A-402C-A831-573EC4848D4D}.RT_HeavyTests|Any CPU.ActiveCfg = Release|x64
		{30DF0931-3D5A-402C-A831-573EC4848D4D}.RT_HeavyTests|Any CPU.Build.0 = Release|x64
		{30DF0931-3D5A-402C-A831-573EC4848D4D}.RT_HeavyTests|x64.ActiveCfg = Release|x64
		{30DF0931-3D5A-402C-A831-573EC4848D4D}.RT_HeavyTests|x64.Build.0 = Release|x64
		{30DF0931-3D5A-402C-A831-573EC4848D4D}.RT_StartupOnly|Any CPU.ActiveCfg = Release|x64
		{30DF0931-3D5A-402C-A831-573EC4848D4D}.RT_StartupOnly|Any CPU.Build.0 = Release|x64
		{30DF0931-3D5A-402C-A831-573EC4848D4D}.RT_StartupOnly|x64.ActiveCfg = Release|x64
		{30DF0931-3D5A-402C-A831-573EC4848D4D}.RT_StartupOnly|x64.Build.0 = Release|x64
		{5531E1C3-C920-4D99-90DE-3B46B3FDA02E}.Debug_UIWork|Any CPU.ActiveCfg = Debug|Any CPU
		{5531E1C3-C920-4D99-90DE-3B46B3FDA02E}.Debug_UIWork|Any CPU.Build.0 = Debug|Any CPU
		{5531E1C3-C920-4D99-90DE-3B46B3FDA02E}.Debug_UIWork|x64.ActiveCfg = Debug|Any CPU
		{5531E1C3-C920-4D99-90DE-3B46B3FDA02E}.Debug_UIWork|x64.Build.0 = Debug|Any CPU
		{5531E1C3-C920-4D99-90DE-3B46B3FDA02E}.Debug|Any CPU.ActiveCfg = Debug|Any CPU
		{5531E1C3-C920-4D99-90DE-3B46B3FDA02E}.Debug|Any CPU.Build.0 = Debug|Any CPU
		{5531E1C3-C920-4D99-90DE-3B46B3FDA02E}.Debug|x64.ActiveCfg = Debug|Any CPU
		{5531E1C3-C920-4D99-90DE-3B46B3FDA02E}.Debug|x64.Build.0 = Debug|Any CPU
		{5531E1C3-C920-4D99-90DE-3B46B3FDA02E}.Release_Beta|Any CPU.ActiveCfg = Release|Any CPU
		{5531E1C3-C920-4D99-90DE-3B46B3FDA02E}.Release_Beta|Any CPU.Build.0 = Release|Any CPU
		{5531E1C3-C920-4D99-90DE-3B46B3FDA02E}.Release_Beta|x64.ActiveCfg = Release|Any CPU
		{5531E1C3-C920-4D99-90DE-3B46B3FDA02E}.Release_Beta|x64.Build.0 = Release|Any CPU
		{5531E1C3-C920-4D99-90DE-3B46B3FDA02E}.Release_Public|Any CPU.ActiveCfg = Release|Any CPU
		{5531E1C3-C920-4D99-90DE-3B46B3FDA02E}.Release_Public|Any CPU.Build.0 = Release|Any CPU
		{5531E1C3-C920-4D99-90DE-3B46B3FDA02E}.Release_Public|x64.ActiveCfg = Release|Any CPU
		{5531E1C3-C920-4D99-90DE-3B46B3FDA02E}.Release_Public|x64.Build.0 = Release|Any CPU
		{5531E1C3-C920-4D99-90DE-3B46B3FDA02E}.Release_Testing_NoAsserts|Any CPU.ActiveCfg = Release|Any CPU
		{5531E1C3-C920-4D99-90DE-3B46B3FDA02E}.Release_Testing_NoAsserts|Any CPU.Build.0 = Release|Any CPU
		{5531E1C3-C920-4D99-90DE-3B46B3FDA02E}.Release_Testing_NoAsserts|x64.ActiveCfg = Release|Any CPU
		{5531E1C3-C920-4D99-90DE-3B46B3FDA02E}.Release_Testing_NoAsserts|x64.Build.0 = Release|Any CPU
		{5531E1C3-C920-4D99-90DE-3B46B3FDA02E}.Release_Testing|Any CPU.ActiveCfg = Release|Any CPU
		{5531E1C3-C920-4D99-90DE-3B46B3FDA02E}.Release_Testing|Any CPU.Build.0 = Release|Any CPU
		{5531E1C3-C920-4D99-90DE-3B46B3FDA02E}.Release_Testing|x64.ActiveCfg = Release|Any CPU
		{5531E1C3-C920-4D99-90DE-3B46B3FDA02E}.Release_Testing|x64.Build.0 = Release|Any CPU
		{5531E1C3-C920-4D99-90DE-3B46B3FDA02E}.Release|Any CPU.ActiveCfg = Release|Any CPU
		{5531E1C3-C920-4D99-90DE-3B46B3FDA02E}.Release|Any CPU.Build.0 = Release|Any CPU
		{5531E1C3-C920-4D99-90DE-3B46B3FDA02E}.Release|x64.ActiveCfg = Release|Any CPU
		{5531E1C3-C920-4D99-90DE-3B46B3FDA02E}.Release|x64.Build.0 = Release|Any CPU
		{5531E1C3-C920-4D99-90DE-3B46B3FDA02E}.RT_HeavyTests|Any CPU.ActiveCfg = Release|Any CPU
		{5531E1C3-C920-4D99-90DE-3B46B3FDA02E}.RT_HeavyTests|Any CPU.Build.0 = Release|Any CPU
		{5531E1C3-C920-4D99-90DE-3B46B3FDA02E}.RT_HeavyTests|x64.ActiveCfg = Release|Any CPU
		{5531E1C3-C920-4D99-90DE-3B46B3FDA02E}.RT_HeavyTests|x64.Build.0 = Release|Any CPU
		{5531E1C3-C920-4D99-90DE-3B46B3FDA02E}.RT_StartupOnly|Any CPU.ActiveCfg = Release|Any CPU
		{5531E1C3-C920-4D99-90DE-3B46B3FDA02E}.RT_StartupOnly|Any CPU.Build.0 = Release|Any CPU
		{5531E1C3-C920-4D99-90DE-3B46B3FDA02E}.RT_StartupOnly|x64.ActiveCfg = Release|Any CPU
		{5531E1C3-C920-4D99-90DE-3B46B3FDA02E}.RT_StartupOnly|x64.Build.0 = Release|Any CPU
	EndGlobalSection
	GlobalSection(SolutionProperties) = preSolution
		HideSolutionNode = FALSE
	EndGlobalSection
	GlobalSection(ExtensibilityGlobals) = postSolution
		SolutionGuid = {DFD3F48A-A283-43AE-BFFF-0C258D11E797}
	EndGlobalSection
EndGlobal
