
Microsoft Visual Studio Solution File, Format Version 12.00
# Visual Studio Version 17
VisualStudioVersion = 17.3.32901.215
MinimumVisualStudioVersion = 10.0.40219.1
Project("{9A19103F-16F7-4668-BE54-9A1E7A4F7556}") = "RTF_ToPlainTextTest", "RTF_ToPlainTextTest\RTF_ToPlainTextTest.csproj", "{7116D09D-5B76-4F98-8514-C6462A8069E1}"
EndProject
Project("{9A19103F-16F7-4668-BE54-9A1E7A4F7556}") = "AL_Common", "..\..\AL_Common\AL_Common.csproj", "{53B2DAF5-76C4-49B5-AB6F-2508EAAE6772}"
EndProject
Global
	GlobalSection(SolutionConfigurationPlatforms) = preSolution
		Debug|x64 = Debug|x64
		DebugFullTest|x64 = DebugFullTest|x64
		DebugRTFTest|x64 = DebugRTFTest|x64
		DebugTestMode|x64 = DebugTestMode|x64
		Release|x64 = Release|x64
		ReleaseFullTest|x64 = ReleaseFullTest|x64
		ReleaseRTFTest|x64 = ReleaseRTFTest|x64
		ReleaseTestMode|x64 = ReleaseTestMode|x64
	EndGlobalSection
	GlobalSection(ProjectConfigurationPlatforms) = postSolution
		{7116D09D-5B76-4F98-8514-C6462A8069E1}.Debug|x64.ActiveCfg = Debug|x64
		{7116D09D-5B76-4F98-8514-C6462A8069E1}.Debug|x64.Build.0 = Debug|x64
		{7116D09D-5B76-4F98-8514-C6462A8069E1}.DebugFullTest|x64.ActiveCfg = DebugTestMode|x64
		{7116D09D-5B76-4F98-8514-C6462A8069E1}.DebugFullTest|x64.Build.0 = DebugTestMode|x64
		{7116D09D-5B76-4F98-8514-C6462A8069E1}.DebugRTFTest|x64.ActiveCfg = DebugTestMode|x64
		{7116D09D-5B76-4F98-8514-C6462A8069E1}.DebugRTFTest|x64.Build.0 = DebugTestMode|x64
		{7116D09D-5B76-4F98-8514-C6462A8069E1}.DebugTestMode|x64.ActiveCfg = DebugTestMode|x64
		{7116D09D-5B76-4F98-8514-C6462A8069E1}.DebugTestMode|x64.Build.0 = DebugTestMode|x64
		{7116D09D-5B76-4F98-8514-C6462A8069E1}.Release|x64.ActiveCfg = Release|x64
		{7116D09D-5B76-4F98-8514-C6462A8069E1}.Release|x64.Build.0 = Release|x64
		{7116D09D-5B76-4F98-8514-C6462A8069E1}.ReleaseFullTest|x64.ActiveCfg = ReleaseTestMode|x64
		{7116D09D-5B76-4F98-8514-C6462A8069E1}.ReleaseFullTest|x64.Build.0 = ReleaseTestMode|x64
		{7116D09D-5B76-4F98-8514-C6462A8069E1}.ReleaseRTFTest|x64.ActiveCfg = ReleaseTestMode|x64
		{7116D09D-5B76-4F98-8514-C6462A8069E1}.ReleaseRTFTest|x64.Build.0 = ReleaseTestMode|x64
		{7116D09D-5B76-4F98-8514-C6462A8069E1}.ReleaseTestMode|x64.ActiveCfg = ReleaseTestMode|x64
		{7116D09D-5B76-4F98-8514-C6462A8069E1}.ReleaseTestMode|x64.Build.0 = ReleaseTestMode|x64
		{53B2DAF5-76C4-49B5-AB6F-2508EAAE6772}.Debug|x64.ActiveCfg = Debug|x64
		{53B2DAF5-76C4-49B5-AB6F-2508EAAE6772}.Debug|x64.Build.0 = Debug|x64
		{53B2DAF5-76C4-49B5-AB6F-2508EAAE6772}.DebugFullTest|x64.ActiveCfg = Debug|x64
		{53B2DAF5-76C4-49B5-AB6F-2508EAAE6772}.DebugFullTest|x64.Build.0 = Debug|x64
		{53B2DAF5-76C4-49B5-AB6F-2508EAAE6772}.DebugRTFTest|x64.ActiveCfg = Debug|x64
		{53B2DAF5-76C4-49B5-AB6F-2508EAAE6772}.DebugRTFTest|x64.Build.0 = Debug|x64
		{53B2DAF5-76C4-49B5-AB6F-2508EAAE6772}.DebugTestMode|x64.ActiveCfg = Debug|x64
		{53B2DAF5-76C4-49B5-AB6F-2508EAAE6772}.DebugTestMode|x64.Build.0 = Debug|x64
		{53B2DAF5-76C4-49B5-AB6F-2508EAAE6772}.Release|x64.ActiveCfg = Release|x64
		{53B2DAF5-76C4-49B5-AB6F-2508EAAE6772}.Release|x64.Build.0 = Release|x64
		{53B2DAF5-76C4-49B5-AB6F-2508EAAE6772}.ReleaseFullTest|x64.ActiveCfg = Release|x64
		{53B2DAF5-76C4-49B5-AB6F-2508EAAE6772}.ReleaseFullTest|x64.Build.0 = Release|x64
		{53B2DAF5-76C4-49B5-AB6F-2508EAAE6772}.ReleaseRTFTest|x64.ActiveCfg = Release|x64
		{53B2DAF5-76C4-49B5-AB6F-2508EAAE6772}.ReleaseRTFTest|x64.Build.0 = Release|x64
		{53B2DAF5-76C4-49B5-AB6F-2508EAAE6772}.ReleaseTestMode|x64.ActiveCfg = Release|x64
		{53B2DAF5-76C4-49B5-AB6F-2508EAAE6772}.ReleaseTestMode|x64.Build.0 = Release|x64
	EndGlobalSection
	GlobalSection(SolutionProperties) = preSolution
		HideSolutionNode = FALSE
	EndGlobalSection
	GlobalSection(ExtensibilityGlobals) = postSolution
		SolutionGuid = {0697FA24-3DD0-466A-B389-3CE2C47F5517}
	EndGlobalSection
EndGlobal
