
Microsoft Visual Studio Solution File, Format Version 12.00
# Visual Studio Version 17
VisualStudioVersion = 17.3.32901.215
MinimumVisualStudioVersion = 10.0.40219.1
Project("{9A19103F-16F7-4668-BE54-9A1E7A4F7556}") = "FMInfoGen", "FMInfoGen\FMInfoGen.csproj", "{FD975E73-42B5-44CC-A01C-4B41DB0276AA}"
EndProject
Project("{9A19103F-16F7-4668-BE54-9A1E7A4F7556}") = "AL_Common", "..\..\AL_Common\AL_Common.csproj", "{25A6B2B8-35D8-409D-B646-4AEA566EF158}"
EndProject
Project("{9A19103F-16F7-4668-BE54-9A1E7A4F7556}") = "FMScanner", "..\..\FMScanner\FMScanner.csproj", "{D8092FD1-0E03-4525-B135-A18DC659D9EF}"
EndProject
Project("{9A19103F-16F7-4668-BE54-9A1E7A4F7556}") = "SharpCompress", "..\..\SharpCompress\SharpCompress.csproj", "{4F0C9AD7-71D2-4432-86BF-92AC5C68A0C0}"
EndProject
Project("{9A19103F-16F7-4668-BE54-9A1E7A4F7556}") = "Ude.NetStandard", "..\..\Ude\Ude.NetStandard.csproj", "{F5D2DDF1-375F-4009-A9A8-EC2A0BBCA5FB}"
EndProject
Global
	GlobalSection(SolutionConfigurationPlatforms) = preSolution
		Debug|Any CPU = Debug|Any CPU
		Debug|x64 = Debug|x64
		Debug|x86 = Debug|x86
		DebugFullTest|Any CPU = DebugFullTest|Any CPU
		DebugFullTest|x64 = DebugFullTest|x64
		DebugFullTest|x86 = DebugFullTest|x86
		DebugRTFTest|Any CPU = DebugRTFTest|Any CPU
		DebugRTFTest|x64 = DebugRTFTest|x64
		DebugRTFTest|x86 = DebugRTFTest|x86
		DebugTesting|Any CPU = DebugTesting|Any CPU
		DebugTesting|x64 = DebugTesting|x64
		DebugTesting|x86 = DebugTesting|x86
		Release|Any CPU = Release|Any CPU
		Release|x64 = Release|x64
		Release|x86 = Release|x86
		ReleaseFullTest|Any CPU = ReleaseFullTest|Any CPU
		ReleaseFullTest|x64 = ReleaseFullTest|x64
		ReleaseFullTest|x86 = ReleaseFullTest|x86
		ReleaseRTFTest|Any CPU = ReleaseRTFTest|Any CPU
		ReleaseRTFTest|x64 = ReleaseRTFTest|x64
		ReleaseRTFTest|x86 = ReleaseRTFTest|x86
	EndGlobalSection
	GlobalSection(ProjectConfigurationPlatforms) = postSolution
		{FD975E73-42B5-44CC-A01C-4B41DB0276AA}.Debug|Any CPU.ActiveCfg = Debug|Any CPU
		{FD975E73-42B5-44CC-A01C-4B41DB0276AA}.Debug|Any CPU.Build.0 = Debug|Any CPU
		{FD975E73-42B5-44CC-A01C-4B41DB0276AA}.Debug|x64.ActiveCfg = Debug|x64
		{FD975E73-42B5-44CC-A01C-4B41DB0276AA}.Debug|x64.Build.0 = Debug|x64
		{FD975E73-42B5-44CC-A01C-4B41DB0276AA}.Debug|x86.ActiveCfg = Debug|x86
		{FD975E73-42B5-44CC-A01C-4B41DB0276AA}.Debug|x86.Build.0 = Debug|x86
		{FD975E73-42B5-44CC-A01C-4B41DB0276AA}.DebugFullTest|Any CPU.ActiveCfg = DebugTesting|Any CPU
		{FD975E73-42B5-44CC-A01C-4B41DB0276AA}.DebugFullTest|Any CPU.Build.0 = DebugTesting|Any CPU
		{FD975E73-42B5-44CC-A01C-4B41DB0276AA}.DebugFullTest|x64.ActiveCfg = DebugTesting|x64
		{FD975E73-42B5-44CC-A01C-4B41DB0276AA}.DebugFullTest|x64.Build.0 = DebugTesting|x64
		{FD975E73-42B5-44CC-A01C-4B41DB0276AA}.DebugFullTest|x86.ActiveCfg = DebugTesting|x86
		{FD975E73-42B5-44CC-A01C-4B41DB0276AA}.DebugFullTest|x86.Build.0 = DebugTesting|x86
		{FD975E73-42B5-44CC-A01C-4B41DB0276AA}.DebugRTFTest|Any CPU.ActiveCfg = DebugTesting|Any CPU
		{FD975E73-42B5-44CC-A01C-4B41DB0276AA}.DebugRTFTest|Any CPU.Build.0 = DebugTesting|Any CPU
		{FD975E73-42B5-44CC-A01C-4B41DB0276AA}.DebugRTFTest|x64.ActiveCfg = DebugTesting|x64
		{FD975E73-42B5-44CC-A01C-4B41DB0276AA}.DebugRTFTest|x64.Build.0 = DebugTesting|x64
		{FD975E73-42B5-44CC-A01C-4B41DB0276AA}.DebugRTFTest|x86.ActiveCfg = DebugTesting|x86
		{FD975E73-42B5-44CC-A01C-4B41DB0276AA}.DebugRTFTest|x86.Build.0 = DebugTesting|x86
		{FD975E73-42B5-44CC-A01C-4B41DB0276AA}.DebugTesting|Any CPU.ActiveCfg = DebugTesting|Any CPU
		{FD975E73-42B5-44CC-A01C-4B41DB0276AA}.DebugTesting|Any CPU.Build.0 = DebugTesting|Any CPU
		{FD975E73-42B5-44CC-A01C-4B41DB0276AA}.DebugTesting|x64.ActiveCfg = DebugTesting|x64
		{FD975E73-42B5-44CC-A01C-4B41DB0276AA}.DebugTesting|x64.Build.0 = DebugTesting|x64
		{FD975E73-42B5-44CC-A01C-4B41DB0276AA}.DebugTesting|x86.ActiveCfg = DebugTesting|x86
		{FD975E73-42B5-44CC-A01C-4B41DB0276AA}.DebugTesting|x86.Build.0 = DebugTesting|x86
		{FD975E73-42B5-44CC-A01C-4B41DB0276AA}.Release|Any CPU.ActiveCfg = Release|Any CPU
		{FD975E73-42B5-44CC-A01C-4B41DB0276AA}.Release|Any CPU.Build.0 = Release|Any CPU
		{FD975E73-42B5-44CC-A01C-4B41DB0276AA}.Release|x64.ActiveCfg = Release|x64
		{FD975E73-42B5-44CC-A01C-4B41DB0276AA}.Release|x64.Build.0 = Release|x64
		{FD975E73-42B5-44CC-A01C-4B41DB0276AA}.Release|x86.ActiveCfg = Release|x86
		{FD975E73-42B5-44CC-A01C-4B41DB0276AA}.Release|x86.Build.0 = Release|x86
		{FD975E73-42B5-44CC-A01C-4B41DB0276AA}.ReleaseFullTest|Any CPU.ActiveCfg = Release|Any CPU
		{FD975E73-42B5-44CC-A01C-4B41DB0276AA}.ReleaseFullTest|Any CPU.Build.0 = Release|Any CPU
		{FD975E73-42B5-44CC-A01C-4B41DB0276AA}.ReleaseFullTest|x64.ActiveCfg = Release|x64
		{FD975E73-42B5-44CC-A01C-4B41DB0276AA}.ReleaseFullTest|x64.Build.0 = Release|x64
		{FD975E73-42B5-44CC-A01C-4B41DB0276AA}.ReleaseFullTest|x86.ActiveCfg = Release|x86
		{FD975E73-42B5-44CC-A01C-4B41DB0276AA}.ReleaseFullTest|x86.Build.0 = Release|x86
		{FD975E73-42B5-44CC-A01C-4B41DB0276AA}.ReleaseRTFTest|Any CPU.ActiveCfg = Release|Any CPU
		{FD975E73-42B5-44CC-A01C-4B41DB0276AA}.ReleaseRTFTest|Any CPU.Build.0 = Release|Any CPU
		{FD975E73-42B5-44CC-A01C-4B41DB0276AA}.ReleaseRTFTest|x64.ActiveCfg = Release|x64
		{FD975E73-42B5-44CC-A01C-4B41DB0276AA}.ReleaseRTFTest|x64.Build.0 = Release|x64
		{FD975E73-42B5-44CC-A01C-4B41DB0276AA}.ReleaseRTFTest|x86.ActiveCfg = Release|x86
		{FD975E73-42B5-44CC-A01C-4B41DB0276AA}.ReleaseRTFTest|x86.Build.0 = Release|x86
		{25A6B2B8-35D8-409D-B646-4AEA566EF158}.Debug|Any CPU.ActiveCfg = Debug|Any CPU
		{25A6B2B8-35D8-409D-B646-4AEA566EF158}.Debug|Any CPU.Build.0 = Debug|Any CPU
		{25A6B2B8-35D8-409D-B646-4AEA566EF158}.Debug|x64.ActiveCfg = Debug|x64
		{25A6B2B8-35D8-409D-B646-4AEA566EF158}.Debug|x64.Build.0 = Debug|x64
		{25A6B2B8-35D8-409D-B646-4AEA566EF158}.Debug|x86.ActiveCfg = Debug|Any CPU
		{25A6B2B8-35D8-409D-B646-4AEA566EF158}.Debug|x86.Build.0 = Debug|Any CPU
		{25A6B2B8-35D8-409D-B646-4AEA566EF158}.DebugFullTest|Any CPU.ActiveCfg = Debug|Any CPU
		{25A6B2B8-35D8-409D-B646-4AEA566EF158}.DebugFullTest|Any CPU.Build.0 = Debug|Any CPU
		{25A6B2B8-35D8-409D-B646-4AEA566EF158}.DebugFullTest|x64.ActiveCfg = Debug|x64
		{25A6B2B8-35D8-409D-B646-4AEA566EF158}.DebugFullTest|x64.Build.0 = Debug|x64
		{25A6B2B8-35D8-409D-B646-4AEA566EF158}.DebugFullTest|x86.ActiveCfg = Debug|Any CPU
		{25A6B2B8-35D8-409D-B646-4AEA566EF158}.DebugFullTest|x86.Build.0 = Debug|Any CPU
		{25A6B2B8-35D8-409D-B646-4AEA566EF158}.DebugRTFTest|Any CPU.ActiveCfg = Debug|Any CPU
		{25A6B2B8-35D8-409D-B646-4AEA566EF158}.DebugRTFTest|Any CPU.Build.0 = Debug|Any CPU
		{25A6B2B8-35D8-409D-B646-4AEA566EF158}.DebugRTFTest|x64.ActiveCfg = Debug|x64
		{25A6B2B8-35D8-409D-B646-4AEA566EF158}.DebugRTFTest|x64.Build.0 = Debug|x64
		{25A6B2B8-35D8-409D-B646-4AEA566EF158}.DebugRTFTest|x86.ActiveCfg = Debug|Any CPU
		{25A6B2B8-35D8-409D-B646-4AEA566EF158}.DebugRTFTest|x86.Build.0 = Debug|Any CPU
		{25A6B2B8-35D8-409D-B646-4AEA566EF158}.DebugTesting|Any CPU.ActiveCfg = Debug|Any CPU
		{25A6B2B8-35D8-409D-B646-4AEA566EF158}.DebugTesting|Any CPU.Build.0 = Debug|Any CPU
		{25A6B2B8-35D8-409D-B646-4AEA566EF158}.DebugTesting|x64.ActiveCfg = Debug|x64
		{25A6B2B8-35D8-409D-B646-4AEA566EF158}.DebugTesting|x64.Build.0 = Debug|x64
		{25A6B2B8-35D8-409D-B646-4AEA566EF158}.DebugTesting|x86.ActiveCfg = Debug|Any CPU
		{25A6B2B8-35D8-409D-B646-4AEA566EF158}.DebugTesting|x86.Build.0 = Debug|Any CPU
		{25A6B2B8-35D8-409D-B646-4AEA566EF158}.Release|Any CPU.ActiveCfg = Release|Any CPU
		{25A6B2B8-35D8-409D-B646-4AEA566EF158}.Release|Any CPU.Build.0 = Release|Any CPU
		{25A6B2B8-35D8-409D-B646-4AEA566EF158}.Release|x64.ActiveCfg = Release|x64
		{25A6B2B8-35D8-409D-B646-4AEA566EF158}.Release|x64.Build.0 = Release|x64
		{25A6B2B8-35D8-409D-B646-4AEA566EF158}.Release|x86.ActiveCfg = Release|Any CPU
		{25A6B2B8-35D8-409D-B646-4AEA566EF158}.Release|x86.Build.0 = Release|Any CPU
		{25A6B2B8-35D8-409D-B646-4AEA566EF158}.ReleaseFullTest|Any CPU.ActiveCfg = Release|Any CPU
		{25A6B2B8-35D8-409D-B646-4AEA566EF158}.ReleaseFullTest|Any CPU.Build.0 = Release|Any CPU
		{25A6B2B8-35D8-409D-B646-4AEA566EF158}.ReleaseFullTest|x64.ActiveCfg = Release|x64
		{25A6B2B8-35D8-409D-B646-4AEA566EF158}.ReleaseFullTest|x64.Build.0 = Release|x64
		{25A6B2B8-35D8-409D-B646-4AEA566EF158}.ReleaseFullTest|x86.ActiveCfg = Release|Any CPU
		{25A6B2B8-35D8-409D-B646-4AEA566EF158}.ReleaseFullTest|x86.Build.0 = Release|Any CPU
		{25A6B2B8-35D8-409D-B646-4AEA566EF158}.ReleaseRTFTest|Any CPU.ActiveCfg = Release|Any CPU
		{25A6B2B8-35D8-409D-B646-4AEA566EF158}.ReleaseRTFTest|Any CPU.Build.0 = Release|Any CPU
		{25A6B2B8-35D8-409D-B646-4AEA566EF158}.ReleaseRTFTest|x64.ActiveCfg = Release|x64
		{25A6B2B8-35D8-409D-B646-4AEA566EF158}.ReleaseRTFTest|x64.Build.0 = Release|x64
		{25A6B2B8-35D8-409D-B646-4AEA566EF158}.ReleaseRTFTest|x86.ActiveCfg = Release|Any CPU
		{25A6B2B8-35D8-409D-B646-4AEA566EF158}.ReleaseRTFTest|x86.Build.0 = Release|Any CPU
		{D8092FD1-0E03-4525-B135-A18DC659D9EF}.Debug|Any CPU.ActiveCfg = Debug|Any CPU
		{D8092FD1-0E03-4525-B135-A18DC659D9EF}.Debug|Any CPU.Build.0 = Debug|Any CPU
		{D8092FD1-0E03-4525-B135-A18DC659D9EF}.Debug|x64.ActiveCfg = Debug|x64
		{D8092FD1-0E03-4525-B135-A18DC659D9EF}.Debug|x64.Build.0 = Debug|x64
		{D8092FD1-0E03-4525-B135-A18DC659D9EF}.Debug|x86.ActiveCfg = Debug|x86
		{D8092FD1-0E03-4525-B135-A18DC659D9EF}.Debug|x86.Build.0 = Debug|x86
		{D8092FD1-0E03-4525-B135-A18DC659D9EF}.DebugFullTest|Any CPU.ActiveCfg = DebugFullTest|Any CPU
		{D8092FD1-0E03-4525-B135-A18DC659D9EF}.DebugFullTest|Any CPU.Build.0 = DebugFullTest|Any CPU
		{D8092FD1-0E03-4525-B135-A18DC659D9EF}.DebugFullTest|x64.ActiveCfg = DebugFullTest|x64
		{D8092FD1-0E03-4525-B135-A18DC659D9EF}.DebugFullTest|x64.Build.0 = DebugFullTest|x64
		{D8092FD1-0E03-4525-B135-A18DC659D9EF}.DebugFullTest|x86.ActiveCfg = DebugFullTest|x86
		{D8092FD1-0E03-4525-B135-A18DC659D9EF}.DebugFullTest|x86.Build.0 = DebugFullTest|x86
		{D8092FD1-0E03-4525-B135-A18DC659D9EF}.DebugRTFTest|Any CPU.ActiveCfg = DebugRTFTest|Any CPU
		{D8092FD1-0E03-4525-B135-A18DC659D9EF}.DebugRTFTest|Any CPU.Build.0 = DebugRTFTest|Any CPU
		{D8092FD1-0E03-4525-B135-A18DC659D9EF}.DebugRTFTest|x64.ActiveCfg = DebugRTFTest|x64
		{D8092FD1-0E03-4525-B135-A18DC659D9EF}.DebugRTFTest|x64.Build.0 = DebugRTFTest|x64
		{D8092FD1-0E03-4525-B135-A18DC659D9EF}.DebugRTFTest|x86.ActiveCfg = DebugRTFTest|x86
		{D8092FD1-0E03-4525-B135-A18DC659D9EF}.DebugRTFTest|x86.Build.0 = DebugRTFTest|x86
		{D8092FD1-0E03-4525-B135-A18DC659D9EF}.DebugTesting|Any CPU.ActiveCfg = DebugRTFTest|Any CPU
		{D8092FD1-0E03-4525-B135-A18DC659D9EF}.DebugTesting|Any CPU.Build.0 = DebugRTFTest|Any CPU
		{D8092FD1-0E03-4525-B135-A18DC659D9EF}.DebugTesting|x64.ActiveCfg = DebugRTFTest|x64
		{D8092FD1-0E03-4525-B135-A18DC659D9EF}.DebugTesting|x64.Build.0 = DebugRTFTest|x64
		{D8092FD1-0E03-4525-B135-A18DC659D9EF}.DebugTesting|x86.ActiveCfg = DebugRTFTest|x86
		{D8092FD1-0E03-4525-B135-A18DC659D9EF}.DebugTesting|x86.Build.0 = DebugRTFTest|x86
		{D8092FD1-0E03-4525-B135-A18DC659D9EF}.Release|Any CPU.ActiveCfg = Release|Any CPU
		{D8092FD1-0E03-4525-B135-A18DC659D9EF}.Release|Any CPU.Build.0 = Release|Any CPU
		{D8092FD1-0E03-4525-B135-A18DC659D9EF}.Release|x64.ActiveCfg = Release|x64
		{D8092FD1-0E03-4525-B135-A18DC659D9EF}.Release|x64.Build.0 = Release|x64
		{D8092FD1-0E03-4525-B135-A18DC659D9EF}.Release|x86.ActiveCfg = Release|x86
		{D8092FD1-0E03-4525-B135-A18DC659D9EF}.Release|x86.Build.0 = Release|x86
		{D8092FD1-0E03-4525-B135-A18DC659D9EF}.ReleaseFullTest|Any CPU.ActiveCfg = ReleaseFullTest|Any CPU
		{D8092FD1-0E03-4525-B135-A18DC659D9EF}.ReleaseFullTest|Any CPU.Build.0 = ReleaseFullTest|Any CPU
		{D8092FD1-0E03-4525-B135-A18DC659D9EF}.ReleaseFullTest|x64.ActiveCfg = ReleaseFullTest|x64
		{D8092FD1-0E03-4525-B135-A18DC659D9EF}.ReleaseFullTest|x64.Build.0 = ReleaseFullTest|x64
		{D8092FD1-0E03-4525-B135-A18DC659D9EF}.ReleaseFullTest|x86.ActiveCfg = ReleaseFullTest|x86
		{D8092FD1-0E03-4525-B135-A18DC659D9EF}.ReleaseFullTest|x86.Build.0 = ReleaseFullTest|x86
		{D8092FD1-0E03-4525-B135-A18DC659D9EF}.ReleaseRTFTest|Any CPU.ActiveCfg = ReleaseRTFTest|Any CPU
		{D8092FD1-0E03-4525-B135-A18DC659D9EF}.ReleaseRTFTest|Any CPU.Build.0 = ReleaseRTFTest|Any CPU
		{D8092FD1-0E03-4525-B135-A18DC659D9EF}.ReleaseRTFTest|x64.ActiveCfg = ReleaseRTFTest|x64
		{D8092FD1-0E03-4525-B135-A18DC659D9EF}.ReleaseRTFTest|x64.Build.0 = ReleaseRTFTest|x64
		{D8092FD1-0E03-4525-B135-A18DC659D9EF}.ReleaseRTFTest|x86.ActiveCfg = ReleaseRTFTest|x86
		{D8092FD1-0E03-4525-B135-A18DC659D9EF}.ReleaseRTFTest|x86.Build.0 = ReleaseRTFTest|x86
		{4F0C9AD7-71D2-4432-86BF-92AC5C68A0C0}.Debug|Any CPU.ActiveCfg = Debug|Any CPU
		{4F0C9AD7-71D2-4432-86BF-92AC5C68A0C0}.Debug|Any CPU.Build.0 = Debug|Any CPU
		{4F0C9AD7-71D2-4432-86BF-92AC5C68A0C0}.Debug|x64.ActiveCfg = Debug|x64
		{4F0C9AD7-71D2-4432-86BF-92AC5C68A0C0}.Debug|x64.Build.0 = Debug|x64
		{4F0C9AD7-71D2-4432-86BF-92AC5C68A0C0}.Debug|x86.ActiveCfg = Debug|Any CPU
		{4F0C9AD7-71D2-4432-86BF-92AC5C68A0C0}.Debug|x86.Build.0 = Debug|Any CPU
		{4F0C9AD7-71D2-4432-86BF-92AC5C68A0C0}.DebugFullTest|Any CPU.ActiveCfg = Debug|Any CPU
		{4F0C9AD7-71D2-4432-86BF-92AC5C68A0C0}.DebugFullTest|Any CPU.Build.0 = Debug|Any CPU
		{4F0C9AD7-71D2-4432-86BF-92AC5C68A0C0}.DebugFullTest|x64.ActiveCfg = Debug|x64
		{4F0C9AD7-71D2-4432-86BF-92AC5C68A0C0}.DebugFullTest|x64.Build.0 = Debug|x64
		{4F0C9AD7-71D2-4432-86BF-92AC5C68A0C0}.DebugFullTest|x86.ActiveCfg = Debug|Any CPU
		{4F0C9AD7-71D2-4432-86BF-92AC5C68A0C0}.DebugFullTest|x86.Build.0 = Debug|Any CPU
		{4F0C9AD7-71D2-4432-86BF-92AC5C68A0C0}.DebugRTFTest|Any CPU.ActiveCfg = Debug|Any CPU
		{4F0C9AD7-71D2-4432-86BF-92AC5C68A0C0}.DebugRTFTest|Any CPU.Build.0 = Debug|Any CPU
		{4F0C9AD7-71D2-4432-86BF-92AC5C68A0C0}.DebugRTFTest|x64.ActiveCfg = Debug|x64
		{4F0C9AD7-71D2-4432-86BF-92AC5C68A0C0}.DebugRTFTest|x64.Build.0 = Debug|x64
		{4F0C9AD7-71D2-4432-86BF-92AC5C68A0C0}.DebugRTFTest|x86.ActiveCfg = Debug|Any CPU
		{4F0C9AD7-71D2-4432-86BF-92AC5C68A0C0}.DebugRTFTest|x86.Build.0 = Debug|Any CPU
		{4F0C9AD7-71D2-4432-86BF-92AC5C68A0C0}.DebugTesting|Any CPU.ActiveCfg = Debug|Any CPU
		{4F0C9AD7-71D2-4432-86BF-92AC5C68A0C0}.DebugTesting|Any CPU.Build.0 = Debug|Any CPU
		{4F0C9AD7-71D2-4432-86BF-92AC5C68A0C0}.DebugTesting|x64.ActiveCfg = Debug|x64
		{4F0C9AD7-71D2-4432-86BF-92AC5C68A0C0}.DebugTesting|x64.Build.0 = Debug|x64
		{4F0C9AD7-71D2-4432-86BF-92AC5C68A0C0}.DebugTesting|x86.ActiveCfg = Debug|Any CPU
		{4F0C9AD7-71D2-4432-86BF-92AC5C68A0C0}.DebugTesting|x86.Build.0 = Debug|Any CPU
		{4F0C9AD7-71D2-4432-86BF-92AC5C68A0C0}.Release|Any CPU.ActiveCfg = Release|Any CPU
		{4F0C9AD7-71D2-4432-86BF-92AC5C68A0C0}.Release|Any CPU.Build.0 = Release|Any CPU
		{4F0C9AD7-71D2-4432-86BF-92AC5C68A0C0}.Release|x64.ActiveCfg = Release|x64
		{4F0C9AD7-71D2-4432-86BF-92AC5C68A0C0}.Release|x64.Build.0 = Release|x64
		{4F0C9AD7-71D2-4432-86BF-92AC5C68A0C0}.Release|x86.ActiveCfg = Release|Any CPU
		{4F0C9AD7-71D2-4432-86BF-92AC5C68A0C0}.Release|x86.Build.0 = Release|Any CPU
		{4F0C9AD7-71D2-4432-86BF-92AC5C68A0C0}.ReleaseFullTest|Any CPU.ActiveCfg = Release|Any CPU
		{4F0C9AD7-71D2-4432-86BF-92AC5C68A0C0}.ReleaseFullTest|Any CPU.Build.0 = Release|Any CPU
		{4F0C9AD7-71D2-4432-86BF-92AC5C68A0C0}.ReleaseFullTest|x64.ActiveCfg = Release|x64
		{4F0C9AD7-71D2-4432-86BF-92AC5C68A0C0}.ReleaseFullTest|x64.Build.0 = Release|x64
		{4F0C9AD7-71D2-4432-86BF-92AC5C68A0C0}.ReleaseFullTest|x86.ActiveCfg = Release|Any CPU
		{4F0C9AD7-71D2-4432-86BF-92AC5C68A0C0}.ReleaseFullTest|x86.Build.0 = Release|Any CPU
		{4F0C9AD7-71D2-4432-86BF-92AC5C68A0C0}.ReleaseRTFTest|Any CPU.ActiveCfg = Release|Any CPU
		{4F0C9AD7-71D2-4432-86BF-92AC5C68A0C0}.ReleaseRTFTest|Any CPU.Build.0 = Release|Any CPU
		{4F0C9AD7-71D2-4432-86BF-92AC5C68A0C0}.ReleaseRTFTest|x64.ActiveCfg = Release|x64
		{4F0C9AD7-71D2-4432-86BF-92AC5C68A0C0}.ReleaseRTFTest|x64.Build.0 = Release|x64
		{4F0C9AD7-71D2-4432-86BF-92AC5C68A0C0}.ReleaseRTFTest|x86.ActiveCfg = Release|Any CPU
		{4F0C9AD7-71D2-4432-86BF-92AC5C68A0C0}.ReleaseRTFTest|x86.Build.0 = Release|Any CPU
		{F5D2DDF1-375F-4009-A9A8-EC2A0BBCA5FB}.Debug|Any CPU.ActiveCfg = Debug|Any CPU
		{F5D2DDF1-375F-4009-A9A8-EC2A0BBCA5FB}.Debug|Any CPU.Build.0 = Debug|Any CPU
		{F5D2DDF1-375F-4009-A9A8-EC2A0BBCA5FB}.Debug|x64.ActiveCfg = Debug|x64
		{F5D2DDF1-375F-4009-A9A8-EC2A0BBCA5FB}.Debug|x64.Build.0 = Debug|x64
		{F5D2DDF1-375F-4009-A9A8-EC2A0BBCA5FB}.Debug|x86.ActiveCfg = Debug|Any CPU
		{F5D2DDF1-375F-4009-A9A8-EC2A0BBCA5FB}.Debug|x86.Build.0 = Debug|Any CPU
		{F5D2DDF1-375F-4009-A9A8-EC2A0BBCA5FB}.DebugFullTest|Any CPU.ActiveCfg = Debug|Any CPU
		{F5D2DDF1-375F-4009-A9A8-EC2A0BBCA5FB}.DebugFullTest|Any CPU.Build.0 = Debug|Any CPU
		{F5D2DDF1-375F-4009-A9A8-EC2A0BBCA5FB}.DebugFullTest|x64.ActiveCfg = Debug|x64
		{F5D2DDF1-375F-4009-A9A8-EC2A0BBCA5FB}.DebugFullTest|x64.Build.0 = Debug|x64
		{F5D2DDF1-375F-4009-A9A8-EC2A0BBCA5FB}.DebugFullTest|x86.ActiveCfg = Debug|Any CPU
		{F5D2DDF1-375F-4009-A9A8-EC2A0BBCA5FB}.DebugFullTest|x86.Build.0 = Debug|Any CPU
		{F5D2DDF1-375F-4009-A9A8-EC2A0BBCA5FB}.DebugRTFTest|Any CPU.ActiveCfg = Debug|Any CPU
		{F5D2DDF1-375F-4009-A9A8-EC2A0BBCA5FB}.DebugRTFTest|Any CPU.Build.0 = Debug|Any CPU
		{F5D2DDF1-375F-4009-A9A8-EC2A0BBCA5FB}.DebugRTFTest|x64.ActiveCfg = Debug|x64
		{F5D2DDF1-375F-4009-A9A8-EC2A0BBCA5FB}.DebugRTFTest|x64.Build.0 = Debug|x64
		{F5D2DDF1-375F-4009-A9A8-EC2A0BBCA5FB}.DebugRTFTest|x86.ActiveCfg = Debug|Any CPU
		{F5D2DDF1-375F-4009-A9A8-EC2A0BBCA5FB}.DebugRTFTest|x86.Build.0 = Debug|Any CPU
		{F5D2DDF1-375F-4009-A9A8-EC2A0BBCA5FB}.DebugTesting|Any CPU.ActiveCfg = Debug|Any CPU
		{F5D2DDF1-375F-4009-A9A8-EC2A0BBCA5FB}.DebugTesting|Any CPU.Build.0 = Debug|Any CPU
		{F5D2DDF1-375F-4009-A9A8-EC2A0BBCA5FB}.DebugTesting|x64.ActiveCfg = Debug|x64
		{F5D2DDF1-375F-4009-A9A8-EC2A0BBCA5FB}.DebugTesting|x64.Build.0 = Debug|x64
		{F5D2DDF1-375F-4009-A9A8-EC2A0BBCA5FB}.DebugTesting|x86.ActiveCfg = Debug|Any CPU
		{F5D2DDF1-375F-4009-A9A8-EC2A0BBCA5FB}.DebugTesting|x86.Build.0 = Debug|Any CPU
		{F5D2DDF1-375F-4009-A9A8-EC2A0BBCA5FB}.Release|Any CPU.ActiveCfg = Release|Any CPU
		{F5D2DDF1-375F-4009-A9A8-EC2A0BBCA5FB}.Release|Any CPU.Build.0 = Release|Any CPU
		{F5D2DDF1-375F-4009-A9A8-EC2A0BBCA5FB}.Release|x64.ActiveCfg = Release|x64
		{F5D2DDF1-375F-4009-A9A8-EC2A0BBCA5FB}.Release|x64.Build.0 = Release|x64
		{F5D2DDF1-375F-4009-A9A8-EC2A0BBCA5FB}.Release|x86.ActiveCfg = Release|Any CPU
		{F5D2DDF1-375F-4009-A9A8-EC2A0BBCA5FB}.Release|x86.Build.0 = Release|Any CPU
		{F5D2DDF1-375F-4009-A9A8-EC2A0BBCA5FB}.ReleaseFullTest|Any CPU.ActiveCfg = Release|Any CPU
		{F5D2DDF1-375F-4009-A9A8-EC2A0BBCA5FB}.ReleaseFullTest|Any CPU.Build.0 = Release|Any CPU
		{F5D2DDF1-375F-4009-A9A8-EC2A0BBCA5FB}.ReleaseFullTest|x64.ActiveCfg = Release|x64
		{F5D2DDF1-375F-4009-A9A8-EC2A0BBCA5FB}.ReleaseFullTest|x64.Build.0 = Release|x64
		{F5D2DDF1-375F-4009-A9A8-EC2A0BBCA5FB}.ReleaseFullTest|x86.ActiveCfg = Release|Any CPU
		{F5D2DDF1-375F-4009-A9A8-EC2A0BBCA5FB}.ReleaseFullTest|x86.Build.0 = Release|Any CPU
		{F5D2DDF1-375F-4009-A9A8-EC2A0BBCA5FB}.ReleaseRTFTest|Any CPU.ActiveCfg = Release|Any CPU
		{F5D2DDF1-375F-4009-A9A8-EC2A0BBCA5FB}.ReleaseRTFTest|Any CPU.Build.0 = Release|Any CPU
		{F5D2DDF1-375F-4009-A9A8-EC2A0BBCA5FB}.ReleaseRTFTest|x64.ActiveCfg = Release|x64
		{F5D2DDF1-375F-4009-A9A8-EC2A0BBCA5FB}.ReleaseRTFTest|x64.Build.0 = Release|x64
		{F5D2DDF1-375F-4009-A9A8-EC2A0BBCA5FB}.ReleaseRTFTest|x86.ActiveCfg = Release|Any CPU
		{F5D2DDF1-375F-4009-A9A8-EC2A0BBCA5FB}.ReleaseRTFTest|x86.Build.0 = Release|Any CPU
	EndGlobalSection
	GlobalSection(SolutionProperties) = preSolution
		HideSolutionNode = FALSE
	EndGlobalSection
	GlobalSection(ExtensibilityGlobals) = postSolution
		SolutionGuid = {35213AA0-7363-46CD-BAC5-BB04F0BE3513}
	EndGlobalSection
EndGlobal
